
Microsoft Visual Studio Solution File, Format Version 12.00
# Visual Studio 14
VisualStudioVersion = 14.0.25420.1
MinimumVisualStudioVersion = 10.0.40219.1
Project("{FAE04EC0-301F-11D3-BF4B-00C04F79EFBC}") = "CompanyStores.Web", "CompanyStores.Web\CompanyStores.Web.csproj", "{F8BE8CEA-0DD4-4A83-8683-A11F123A084A}"
EndProject
Project("{FAE04EC0-301F-11D3-BF4B-00C04F79EFBC}") = "CompanyStores.DAL", "..\CompanyStores.DAL\CompanyStores.DAL\CompanyStores.DAL.csproj", "{A2F11842-F17D-4FC5-845B-22E83DDD7805}"
EndProject
Project("{FAE04EC0-301F-11D3-BF4B-00C04F79EFBC}") = "CompanyStores.BLL", "..\CompanyStores.BL\CompanyStores.BL\CompanyStores.BLL.csproj", "{A74E0F30-E927-4192-9297-46AA18A8ACAD}"
EndProject
Project("{FAE04EC0-301F-11D3-BF4B-00C04F79EFBC}") = "CompanyStores.DI", "..\CompanyStores.DI\CompanyStores.DI\CompanyStores.DI.csproj", "{B4D63364-7C9F-42EB-80BA-56A2A3552490}"
EndProject
Global
	GlobalSection(SolutionConfigurationPlatforms) = preSolution
		Debug|Any CPU = Debug|Any CPU
		Release|Any CPU = Release|Any CPU
	EndGlobalSection
	GlobalSection(ProjectConfigurationPlatforms) = postSolution
		{F8BE8CEA-0DD4-4A83-8683-A11F123A084A}.Debug|Any CPU.ActiveCfg = Debug|Any CPU
		{F8BE8CEA-0DD4-4A83-8683-A11F123A084A}.Debug|Any CPU.Build.0 = Debug|Any CPU
		{F8BE8CEA-0DD4-4A83-8683-A11F123A084A}.Release|Any CPU.ActiveCfg = Release|Any CPU
		{F8BE8CEA-0DD4-4A83-8683-A11F123A084A}.Release|Any CPU.Build.0 = Release|Any CPU
		{A2F11842-F17D-4FC5-845B-22E83DDD7805}.Debug|Any CPU.ActiveCfg = Debug|Any CPU
		{A2F11842-F17D-4FC5-845B-22E83DDD7805}.Debug|Any CPU.Build.0 = Debug|Any CPU
		{A2F11842-F17D-4FC5-845B-22E83DDD7805}.Release|Any CPU.ActiveCfg = Release|Any CPU
		{A2F11842-F17D-4FC5-845B-22E83DDD7805}.Release|Any CPU.Build.0 = Release|Any CPU
		{A74E0F30-E927-4192-9297-46AA18A8ACAD}.Debug|Any CPU.ActiveCfg = Debug|Any CPU
		{A74E0F30-E927-4192-9297-46AA18A8ACAD}.Debug|Any CPU.Build.0 = Debug|Any CPU
		{A74E0F30-E927-4192-9297-46AA18A8ACAD}.Release|Any CPU.ActiveCfg = Release|Any CPU
		{A74E0F30-E927-4192-9297-46AA18A8ACAD}.Release|Any CPU.Build.0 = Release|Any CPU
		{B4D63364-7C9F-42EB-80BA-56A2A3552490}.Debug|Any CPU.ActiveCfg = Debug|Any CPU
		{B4D63364-7C9F-42EB-80BA-56A2A3552490}.Debug|Any CPU.Build.0 = Debug|Any CPU
		{B4D63364-7C9F-42EB-80BA-56A2A3552490}.Release|Any CPU.ActiveCfg = Release|Any CPU
		{B4D63364-7C9F-42EB-80BA-56A2A3552490}.Release|Any CPU.Build.0 = Release|Any CPU
	EndGlobalSection
	GlobalSection(SolutionProperties) = preSolution
		HideSolutionNode = FALSE
	EndGlobalSection
EndGlobal
